// !$*UTF8*$!
{
	archiveVersion = 1;
	classes = {
	};
	objectVersion = 56;
	objects = {

/* Begin PBXBuildFile section */
		6712EC9F2BB59F0100BE8DFC /* MainController+UI.swift in Sources */ = {isa = PBXBuildFile; fileRef = 6712EC9E2BB59F0100BE8DFC /* MainController+UI.swift */; };
		6712ECA22BB5A91400BE8DFC /* ImagePerformer.swift in Sources */ = {isa = PBXBuildFile; fileRef = 6712ECA12BB5A91400BE8DFC /* ImagePerformer.swift */; };
		6712ECA52BB5AA8B00BE8DFC /* UIImageView+Extensions.swift in Sources */ = {isa = PBXBuildFile; fileRef = 6712ECA42BB5AA8B00BE8DFC /* UIImageView+Extensions.swift */; };
		67146A612BB49E090074782B /* AppDelegate.swift in Sources */ = {isa = PBXBuildFile; fileRef = 67146A602BB49E090074782B /* AppDelegate.swift */; };
		67146A632BB49E090074782B /* SceneDelegate.swift in Sources */ = {isa = PBXBuildFile; fileRef = 67146A622BB49E090074782B /* SceneDelegate.swift */; };
		67146A6A2BB49E0A0074782B /* Assets.xcassets in Resources */ = {isa = PBXBuildFile; fileRef = 67146A692BB49E0A0074782B /* Assets.xcassets */; };
		67146A6D2BB49E0A0074782B /* LaunchScreen.storyboard in Resources */ = {isa = PBXBuildFile; fileRef = 67146A6B2BB49E0A0074782B /* LaunchScreen.storyboard */; };
		67146A752BB4A05F0074782B /* RootTabBarFactory.swift in Sources */ = {isa = PBXBuildFile; fileRef = 67146A742BB4A05F0074782B /* RootTabBarFactory.swift */; };
		67146A772BB4A0AA0074782B /* RootTabBarController.swift in Sources */ = {isa = PBXBuildFile; fileRef = 67146A762BB4A0AA0074782B /* RootTabBarController.swift */; };
		6725BAAB2BB4E17600EA390A /* MainController.swift in Sources */ = {isa = PBXBuildFile; fileRef = 6725BAAA2BB4E17600EA390A /* MainController.swift */; };
		6725BAAD2BB4E17F00EA390A /* MainCoordinator.swift in Sources */ = {isa = PBXBuildFile; fileRef = 6725BAAC2BB4E17F00EA390A /* MainCoordinator.swift */; };
		6725BAAF2BB4E18800EA390A /* MainViewModel.swift in Sources */ = {isa = PBXBuildFile; fileRef = 6725BAAE2BB4E18800EA390A /* MainViewModel.swift */; };
		6725BAB12BB4E1AB00EA390A /* MainFactory.swift in Sources */ = {isa = PBXBuildFile; fileRef = 6725BAB02BB4E1AB00EA390A /* MainFactory.swift */; };
		6725BAB32BB4E1B600EA390A /* SettingsController.swift in Sources */ = {isa = PBXBuildFile; fileRef = 6725BAB22BB4E1B600EA390A /* SettingsController.swift */; };
		6725BAB52BB4E1C200EA390A /* SettingsCoordinator.swift in Sources */ = {isa = PBXBuildFile; fileRef = 6725BAB42BB4E1C200EA390A /* SettingsCoordinator.swift */; };
		6725BAB72BB4E1CB00EA390A /* SettingsFactory.swift in Sources */ = {isa = PBXBuildFile; fileRef = 6725BAB62BB4E1CB00EA390A /* SettingsFactory.swift */; };
		6725BAB92BB4E1D400EA390A /* SettingsViewModel.swift in Sources */ = {isa = PBXBuildFile; fileRef = 6725BAB82BB4E1D400EA390A /* SettingsViewModel.swift */; };
		6725BABB2BB4E35D00EA390A /* NavigationRouter.swift in Sources */ = {isa = PBXBuildFile; fileRef = 6725BABA2BB4E35D00EA390A /* NavigationRouter.swift */; };
		6725BABD2BB4E37500EA390A /* PresentationRouter.swift in Sources */ = {isa = PBXBuildFile; fileRef = 6725BABC2BB4E37500EA390A /* PresentationRouter.swift */; };
		6732605C2BB5B6990033F362 /* SettingsController+UI.swift in Sources */ = {isa = PBXBuildFile; fileRef = 6732605B2BB5B6990033F362 /* SettingsController+UI.swift */; };
		6732605F2BB5B7110033F362 /* SettingsControllerTableManager.swift in Sources */ = {isa = PBXBuildFile; fileRef = 6732605E2BB5B7110033F362 /* SettingsControllerTableManager.swift */; };
		673260612BB5B7200033F362 /* SettingsControllerTableConfigurators.swift in Sources */ = {isa = PBXBuildFile; fileRef = 673260602BB5B7200033F362 /* SettingsControllerTableConfigurators.swift */; };
		673260642BB5B7DC0033F362 /* BaseConfigurator.swift in Sources */ = {isa = PBXBuildFile; fileRef = 673260632BB5B7DC0033F362 /* BaseConfigurator.swift */; };
		673260672BB5B8AD0033F362 /* SettingsControllerButtonTableViewCell.swift in Sources */ = {isa = PBXBuildFile; fileRef = 673260662BB5B8AD0033F362 /* SettingsControllerButtonTableViewCell.swift */; };
		673260692BB5B9E20033F362 /* UITableView+Extensions.swift in Sources */ = {isa = PBXBuildFile; fileRef = 673260682BB5B9E20033F362 /* UITableView+Extensions.swift */; };
		6732606A2BB5C4270033F362 /* SettingsControllerButtonTableViewCell.swift in Resources */ = {isa = PBXBuildFile; fileRef = 673260662BB5B8AD0033F362 /* SettingsControllerButtonTableViewCell.swift */; };
		6732606D2BB5CBC10033F362 /* Constants.swift in Sources */ = {isa = PBXBuildFile; fileRef = 6732606C2BB5CBC10033F362 /* Constants.swift */; };
/* End PBXBuildFile section */

/* Begin PBXFileReference section */
		6712EC9E2BB59F0100BE8DFC /* MainController+UI.swift */ = {isa = PBXFileReference; lastKnownFileType = sourcecode.swift; path = "MainController+UI.swift"; sourceTree = "<group>"; };
		6712ECA12BB5A91400BE8DFC /* ImagePerformer.swift */ = {isa = PBXFileReference; lastKnownFileType = sourcecode.swift; path = ImagePerformer.swift; sourceTree = "<group>"; };
		6712ECA42BB5AA8B00BE8DFC /* UIImageView+Extensions.swift */ = {isa = PBXFileReference; lastKnownFileType = sourcecode.swift; path = "UIImageView+Extensions.swift"; sourceTree = "<group>"; };
		67146A5D2BB49E090074782B /* ImageViewer.app */ = {isa = PBXFileReference; explicitFileType = wrapper.application; includeInIndex = 0; path = ImageViewer.app; sourceTree = BUILT_PRODUCTS_DIR; };
		67146A602BB49E090074782B /* AppDelegate.swift */ = {isa = PBXFileReference; lastKnownFileType = sourcecode.swift; path = AppDelegate.swift; sourceTree = "<group>"; };
		67146A622BB49E090074782B /* SceneDelegate.swift */ = {isa = PBXFileReference; lastKnownFileType = sourcecode.swift; path = SceneDelegate.swift; sourceTree = "<group>"; };
		67146A692BB49E0A0074782B /* Assets.xcassets */ = {isa = PBXFileReference; lastKnownFileType = folder.assetcatalog; path = Assets.xcassets; sourceTree = "<group>"; };
		67146A6C2BB49E0A0074782B /* Base */ = {isa = PBXFileReference; lastKnownFileType = file.storyboard; name = Base; path = Base.lproj/LaunchScreen.storyboard; sourceTree = "<group>"; };
		67146A6E2BB49E0A0074782B /* Info.plist */ = {isa = PBXFileReference; lastKnownFileType = text.plist.xml; path = Info.plist; sourceTree = "<group>"; };
		67146A742BB4A05F0074782B /* RootTabBarFactory.swift */ = {isa = PBXFileReference; lastKnownFileType = sourcecode.swift; path = RootTabBarFactory.swift; sourceTree = "<group>"; };
		67146A762BB4A0AA0074782B /* RootTabBarController.swift */ = {isa = PBXFileReference; lastKnownFileType = sourcecode.swift; path = RootTabBarController.swift; sourceTree = "<group>"; };
		6725BAAA2BB4E17600EA390A /* MainController.swift */ = {isa = PBXFileReference; lastKnownFileType = sourcecode.swift; path = MainController.swift; sourceTree = "<group>"; };
		6725BAAC2BB4E17F00EA390A /* MainCoordinator.swift */ = {isa = PBXFileReference; lastKnownFileType = sourcecode.swift; path = MainCoordinator.swift; sourceTree = "<group>"; };
		6725BAAE2BB4E18800EA390A /* MainViewModel.swift */ = {isa = PBXFileReference; lastKnownFileType = sourcecode.swift; path = MainViewModel.swift; sourceTree = "<group>"; };
		6725BAB02BB4E1AB00EA390A /* MainFactory.swift */ = {isa = PBXFileReference; lastKnownFileType = sourcecode.swift; path = MainFactory.swift; sourceTree = "<group>"; };
		6725BAB22BB4E1B600EA390A /* SettingsController.swift */ = {isa = PBXFileReference; lastKnownFileType = sourcecode.swift; path = SettingsController.swift; sourceTree = "<group>"; };
		6725BAB42BB4E1C200EA390A /* SettingsCoordinator.swift */ = {isa = PBXFileReference; lastKnownFileType = sourcecode.swift; path = SettingsCoordinator.swift; sourceTree = "<group>"; };
		6725BAB62BB4E1CB00EA390A /* SettingsFactory.swift */ = {isa = PBXFileReference; lastKnownFileType = sourcecode.swift; path = SettingsFactory.swift; sourceTree = "<group>"; };
		6725BAB82BB4E1D400EA390A /* SettingsViewModel.swift */ = {isa = PBXFileReference; lastKnownFileType = sourcecode.swift; path = SettingsViewModel.swift; sourceTree = "<group>"; };
		6725BABA2BB4E35D00EA390A /* NavigationRouter.swift */ = {isa = PBXFileReference; lastKnownFileType = sourcecode.swift; path = NavigationRouter.swift; sourceTree = "<group>"; };
		6725BABC2BB4E37500EA390A /* PresentationRouter.swift */ = {isa = PBXFileReference; lastKnownFileType = sourcecode.swift; path = PresentationRouter.swift; sourceTree = "<group>"; };
		6732605B2BB5B6990033F362 /* SettingsController+UI.swift */ = {isa = PBXFileReference; lastKnownFileType = sourcecode.swift; path = "SettingsController+UI.swift"; sourceTree = "<group>"; };
		6732605E2BB5B7110033F362 /* SettingsControllerTableManager.swift */ = {isa = PBXFileReference; lastKnownFileType = sourcecode.swift; path = SettingsControllerTableManager.swift; sourceTree = "<group>"; };
		673260602BB5B7200033F362 /* SettingsControllerTableConfigurators.swift */ = {isa = PBXFileReference; lastKnownFileType = sourcecode.swift; path = SettingsControllerTableConfigurators.swift; sourceTree = "<group>"; };
		673260632BB5B7DC0033F362 /* BaseConfigurator.swift */ = {isa = PBXFileReference; lastKnownFileType = sourcecode.swift; path = BaseConfigurator.swift; sourceTree = "<group>"; };
		673260662BB5B8AD0033F362 /* SettingsControllerButtonTableViewCell.swift */ = {isa = PBXFileReference; lastKnownFileType = sourcecode.swift; path = SettingsControllerButtonTableViewCell.swift; sourceTree = "<group>"; };
		673260682BB5B9E20033F362 /* UITableView+Extensions.swift */ = {isa = PBXFileReference; lastKnownFileType = sourcecode.swift; path = "UITableView+Extensions.swift"; sourceTree = "<group>"; };
		6732606C2BB5CBC10033F362 /* Constants.swift */ = {isa = PBXFileReference; lastKnownFileType = sourcecode.swift; path = Constants.swift; sourceTree = "<group>"; };
/* End PBXFileReference section */

/* Begin PBXFrameworksBuildPhase section */
		67146A5A2BB49E090074782B /* Frameworks */ = {
			isa = PBXFrameworksBuildPhase;
			buildActionMask = 2147483647;
			files = (
			);
			runOnlyForDeploymentPostprocessing = 0;
		};
/* End PBXFrameworksBuildPhase section */

/* Begin PBXGroup section */
		6712ECA32BB5AA7C00BE8DFC /* Extensions */ = {
			isa = PBXGroup;
			children = (
				6712ECA42BB5AA8B00BE8DFC /* UIImageView+Extensions.swift */,
				673260682BB5B9E20033F362 /* UITableView+Extensions.swift */,
			);
			path = Extensions;
			sourceTree = "<group>";
		};
		67146A542BB49E090074782B = {
			isa = PBXGroup;
			children = (
				67146A5F2BB49E090074782B /* ImageViewer */,
				67146A5E2BB49E090074782B /* Products */,
			);
			sourceTree = "<group>";
		};
		67146A5E2BB49E090074782B /* Products */ = {
			isa = PBXGroup;
			children = (
				67146A5D2BB49E090074782B /* ImageViewer.app */,
			);
			name = Products;
			sourceTree = "<group>";
		};
		67146A5F2BB49E090074782B /* ImageViewer */ = {
			isa = PBXGroup;
			children = (
				6732606B2BB5C9520033F362 /* Helpers */,
				673260622BB5B7CC0033F362 /* Base */,
				6712ECA32BB5AA7C00BE8DFC /* Extensions */,
				6725BABF2BB4E81600EA390A /* TabBar */,
				6725BABE2BB4E3AC00EA390A /* Routers */,
				67146A792BB4A20D0074782B /* Settings */,
				67146A782BB4A2050074782B /* Main */,
				67146A602BB49E090074782B /* AppDelegate.swift */,
				67146A622BB49E090074782B /* SceneDelegate.swift */,
				67146A692BB49E0A0074782B /* Assets.xcassets */,
				67146A6B2BB49E0A0074782B /* LaunchScreen.storyboard */,
				67146A6E2BB49E0A0074782B /* Info.plist */,
			);
			path = ImageViewer;
			sourceTree = "<group>";
		};
		67146A782BB4A2050074782B /* Main */ = {
			isa = PBXGroup;
			children = (
				6725BAAA2BB4E17600EA390A /* MainController.swift */,
				6725BAAC2BB4E17F00EA390A /* MainCoordinator.swift */,
				6725BAAE2BB4E18800EA390A /* MainViewModel.swift */,
				6725BAB02BB4E1AB00EA390A /* MainFactory.swift */,
				6712EC9E2BB59F0100BE8DFC /* MainController+UI.swift */,
			);
			path = Main;
			sourceTree = "<group>";
		};
		67146A792BB4A20D0074782B /* Settings */ = {
			isa = PBXGroup;
			children = (
				6732605D2BB5B6FF0033F362 /* TableManager */,
				6725BAB22BB4E1B600EA390A /* SettingsController.swift */,
				6725BAB42BB4E1C200EA390A /* SettingsCoordinator.swift */,
				6725BAB62BB4E1CB00EA390A /* SettingsFactory.swift */,
				6725BAB82BB4E1D400EA390A /* SettingsViewModel.swift */,
				6732605B2BB5B6990033F362 /* SettingsController+UI.swift */,
			);
			path = Settings;
			sourceTree = "<group>";
		};
		6725BABE2BB4E3AC00EA390A /* Routers */ = {
			isa = PBXGroup;
			children = (
				6725BABC2BB4E37500EA390A /* PresentationRouter.swift */,
				6725BABA2BB4E35D00EA390A /* NavigationRouter.swift */,
			);
			path = Routers;
			sourceTree = "<group>";
		};
		6725BABF2BB4E81600EA390A /* TabBar */ = {
			isa = PBXGroup;
			children = (
				67146A762BB4A0AA0074782B /* RootTabBarController.swift */,
				67146A742BB4A05F0074782B /* RootTabBarFactory.swift */,
			);
			path = TabBar;
			sourceTree = "<group>";
		};
		6732605D2BB5B6FF0033F362 /* TableManager */ = {
			isa = PBXGroup;
			children = (
				673260652BB5B8760033F362 /* Cells */,
				6732605E2BB5B7110033F362 /* SettingsControllerTableManager.swift */,
				673260602BB5B7200033F362 /* SettingsControllerTableConfigurators.swift */,
			);
			path = TableManager;
			sourceTree = "<group>";
		};
		673260622BB5B7CC0033F362 /* Base */ = {
			isa = PBXGroup;
			children = (
				673260632BB5B7DC0033F362 /* BaseConfigurator.swift */,
				6732606C2BB5CBC10033F362 /* Constants.swift */,
			);
			path = Base;
			sourceTree = "<group>";
		};
		673260652BB5B8760033F362 /* Cells */ = {
			isa = PBXGroup;
			children = (
				673260662BB5B8AD0033F362 /* SettingsControllerButtonTableViewCell.swift */,
			);
			path = Cells;
			sourceTree = "<group>";
		};
		6732606B2BB5C9520033F362 /* Helpers */ = {
			isa = PBXGroup;
			children = (
				6712ECA12BB5A91400BE8DFC /* ImagePerformer.swift */,
			);
			path = Helpers;
			sourceTree = "<group>";
		};
/* End PBXGroup section */

/* Begin PBXNativeTarget section */
		67146A5C2BB49E090074782B /* ImageViewer */ = {
			isa = PBXNativeTarget;
			buildConfigurationList = 67146A712BB49E0A0074782B /* Build configuration list for PBXNativeTarget "ImageViewer" */;
			buildPhases = (
				67146A592BB49E090074782B /* Sources */,
				67146A5A2BB49E090074782B /* Frameworks */,
				67146A5B2BB49E090074782B /* Resources */,
			);
			buildRules = (
			);
			dependencies = (
			);
			name = ImageViewer;
			productName = ImageViewer;
			productReference = 67146A5D2BB49E090074782B /* ImageViewer.app */;
			productType = "com.apple.product-type.application";
		};
/* End PBXNativeTarget section */

/* Begin PBXProject section */
		67146A552BB49E090074782B /* Project object */ = {
			isa = PBXProject;
			attributes = {
				BuildIndependentTargetsInParallel = 1;
				LastSwiftUpdateCheck = 1500;
				LastUpgradeCheck = 1500;
				TargetAttributes = {
					67146A5C2BB49E090074782B = {
						CreatedOnToolsVersion = 15.0;
					};
				};
			};
			buildConfigurationList = 67146A582BB49E090074782B /* Build configuration list for PBXProject "ImageViewer" */;
			compatibilityVersion = "Xcode 14.0";
			developmentRegion = en;
			hasScannedForEncodings = 0;
			knownRegions = (
				en,
				Base,
			);
			mainGroup = 67146A542BB49E090074782B;
			productRefGroup = 67146A5E2BB49E090074782B /* Products */;
			projectDirPath = "";
			projectRoot = "";
			targets = (
				67146A5C2BB49E090074782B /* ImageViewer */,
			);
		};
/* End PBXProject section */

/* Begin PBXResourcesBuildPhase section */
		67146A5B2BB49E090074782B /* Resources */ = {
			isa = PBXResourcesBuildPhase;
			buildActionMask = 2147483647;
			files = (
				6732606A2BB5C4270033F362 /* SettingsControllerButtonTableViewCell.swift in Resources */,
				67146A6D2BB49E0A0074782B /* LaunchScreen.storyboard in Resources */,
				67146A6A2BB49E0A0074782B /* Assets.xcassets in Resources */,
			);
			runOnlyForDeploymentPostprocessing = 0;
		};
/* End PBXResourcesBuildPhase section */

/* Begin PBXSourcesBuildPhase section */
		67146A592BB49E090074782B /* Sources */ = {
			isa = PBXSourcesBuildPhase;
			buildActionMask = 2147483647;
			files = (
				6725BAB72BB4E1CB00EA390A /* SettingsFactory.swift in Sources */,
				6725BAAD2BB4E17F00EA390A /* MainCoordinator.swift in Sources */,
				67146A612BB49E090074782B /* AppDelegate.swift in Sources */,
				67146A752BB4A05F0074782B /* RootTabBarFactory.swift in Sources */,
				673260672BB5B8AD0033F362 /* SettingsControllerButtonTableViewCell.swift in Sources */,
				6712ECA52BB5AA8B00BE8DFC /* UIImageView+Extensions.swift in Sources */,
				6712ECA22BB5A91400BE8DFC /* ImagePerformer.swift in Sources */,
				6732605F2BB5B7110033F362 /* SettingsControllerTableManager.swift in Sources */,
				67146A772BB4A0AA0074782B /* RootTabBarController.swift in Sources */,
				6725BAAB2BB4E17600EA390A /* MainController.swift in Sources */,
				673260642BB5B7DC0033F362 /* BaseConfigurator.swift in Sources */,
				6725BAB32BB4E1B600EA390A /* SettingsController.swift in Sources */,
				673260692BB5B9E20033F362 /* UITableView+Extensions.swift in Sources */,
				6725BABB2BB4E35D00EA390A /* NavigationRouter.swift in Sources */,
				6725BABD2BB4E37500EA390A /* PresentationRouter.swift in Sources */,
				673260612BB5B7200033F362 /* SettingsControllerTableConfigurators.swift in Sources */,
				6725BAB92BB4E1D400EA390A /* SettingsViewModel.swift in Sources */,
				6732605C2BB5B6990033F362 /* SettingsController+UI.swift in Sources */,
				67146A632BB49E090074782B /* SceneDelegate.swift in Sources */,
				6712EC9F2BB59F0100BE8DFC /* MainController+UI.swift in Sources */,
				6725BAB52BB4E1C200EA390A /* SettingsCoordinator.swift in Sources */,
				6725BAB12BB4E1AB00EA390A /* MainFactory.swift in Sources */,
				6725BAAF2BB4E18800EA390A /* MainViewModel.swift in Sources */,
				6732606D2BB5CBC10033F362 /* Constants.swift in Sources */,
			);
			runOnlyForDeploymentPostprocessing = 0;
		};
/* End PBXSourcesBuildPhase section */

/* Begin PBXVariantGroup section */
		67146A6B2BB49E0A0074782B /* LaunchScreen.storyboard */ = {
			isa = PBXVariantGroup;
			children = (
				67146A6C2BB49E0A0074782B /* Base */,
			);
			name = LaunchScreen.storyboard;
			sourceTree = "<group>";
		};
/* End PBXVariantGroup section */

/* Begin XCBuildConfiguration section */
		67146A6F2BB49E0A0074782B /* Debug */ = {
			isa = XCBuildConfiguration;
			buildSettings = {
				ALWAYS_SEARCH_USER_PATHS = NO;
				ASSETCATALOG_COMPILER_GENERATE_SWIFT_ASSET_SYMBOL_EXTENSIONS = YES;
				CLANG_ANALYZER_NONNULL = YES;
				CLANG_ANALYZER_NUMBER_OBJECT_CONVERSION = YES_AGGRESSIVE;
				CLANG_CXX_LANGUAGE_STANDARD = "gnu++20";
				CLANG_ENABLE_MODULES = YES;
				CLANG_ENABLE_OBJC_ARC = YES;
				CLANG_ENABLE_OBJC_WEAK = YES;
				CLANG_WARN_BLOCK_CAPTURE_AUTORELEASING = YES;
				CLANG_WARN_BOOL_CONVERSION = YES;
				CLANG_WARN_COMMA = YES;
				CLANG_WARN_CONSTANT_CONVERSION = YES;
				CLANG_WARN_DEPRECATED_OBJC_IMPLEMENTATIONS = YES;
				CLANG_WARN_DIRECT_OBJC_ISA_USAGE = YES_ERROR;
				CLANG_WARN_DOCUMENTATION_COMMENTS = YES;
				CLANG_WARN_EMPTY_BODY = YES;
				CLANG_WARN_ENUM_CONVERSION = YES;
				CLANG_WARN_INFINITE_RECURSION = YES;
				CLANG_WARN_INT_CONVERSION = YES;
				CLANG_WARN_NON_LITERAL_NULL_CONVERSION = YES;
				CLANG_WARN_OBJC_IMPLICIT_RETAIN_SELF = YES;
				CLANG_WARN_OBJC_LITERAL_CONVERSION = YES;
				CLANG_WARN_OBJC_ROOT_CLASS = YES_ERROR;
				CLANG_WARN_QUOTED_INCLUDE_IN_FRAMEWORK_HEADER = YES;
				CLANG_WARN_RANGE_LOOP_ANALYSIS = YES;
				CLANG_WARN_STRICT_PROTOTYPES = YES;
				CLANG_WARN_SUSPICIOUS_MOVE = YES;
				CLANG_WARN_UNGUARDED_AVAILABILITY = YES_AGGRESSIVE;
				CLANG_WARN_UNREACHABLE_CODE = YES;
				CLANG_WARN__DUPLICATE_METHOD_MATCH = YES;
				COPY_PHASE_STRIP = NO;
				DEBUG_INFORMATION_FORMAT = dwarf;
				ENABLE_STRICT_OBJC_MSGSEND = YES;
				ENABLE_TESTABILITY = YES;
				ENABLE_USER_SCRIPT_SANDBOXING = YES;
				GCC_C_LANGUAGE_STANDARD = gnu17;
				GCC_DYNAMIC_NO_PIC = NO;
				GCC_NO_COMMON_BLOCKS = YES;
				GCC_OPTIMIZATION_LEVEL = 0;
				GCC_PREPROCESSOR_DEFINITIONS = (
					"DEBUG=1",
					"$(inherited)",
				);
				GCC_WARN_64_TO_32_BIT_CONVERSION = YES;
				GCC_WARN_ABOUT_RETURN_TYPE = YES_ERROR;
				GCC_WARN_UNDECLARED_SELECTOR = YES;
				GCC_WARN_UNINITIALIZED_AUTOS = YES_AGGRESSIVE;
				GCC_WARN_UNUSED_FUNCTION = YES;
				GCC_WARN_UNUSED_VARIABLE = YES;
				IPHONEOS_DEPLOYMENT_TARGET = 17.0;
				LOCALIZATION_PREFERS_STRING_CATALOGS = YES;
				MTL_ENABLE_DEBUG_INFO = INCLUDE_SOURCE;
				MTL_FAST_MATH = YES;
				ONLY_ACTIVE_ARCH = YES;
				SDKROOT = iphoneos;
				SWIFT_ACTIVE_COMPILATION_CONDITIONS = "DEBUG $(inherited)";
				SWIFT_OPTIMIZATION_LEVEL = "-Onone";
			};
			name = Debug;
		};
		67146A702BB49E0A0074782B /* Release */ = {
			isa = XCBuildConfiguration;
			buildSettings = {
				ALWAYS_SEARCH_USER_PATHS = NO;
				ASSETCATALOG_COMPILER_GENERATE_SWIFT_ASSET_SYMBOL_EXTENSIONS = YES;
				CLANG_ANALYZER_NONNULL = YES;
				CLANG_ANALYZER_NUMBER_OBJECT_CONVERSION = YES_AGGRESSIVE;
				CLANG_CXX_LANGUAGE_STANDARD = "gnu++20";
				CLANG_ENABLE_MODULES = YES;
				CLANG_ENABLE_OBJC_ARC = YES;
				CLANG_ENABLE_OBJC_WEAK = YES;
				CLANG_WARN_BLOCK_CAPTURE_AUTORELEASING = YES;
				CLANG_WARN_BOOL_CONVERSION = YES;
				CLANG_WARN_COMMA = YES;
				CLANG_WARN_CONSTANT_CONVERSION = YES;
				CLANG_WARN_DEPRECATED_OBJC_IMPLEMENTATIONS = YES;
				CLANG_WARN_DIRECT_OBJC_ISA_USAGE = YES_ERROR;
				CLANG_WARN_DOCUMENTATION_COMMENTS = YES;
				CLANG_WARN_EMPTY_BODY = YES;
				CLANG_WARN_ENUM_CONVERSION = YES;
				CLANG_WARN_INFINITE_RECURSION = YES;
				CLANG_WARN_INT_CONVERSION = YES;
				CLANG_WARN_NON_LITERAL_NULL_CONVERSION = YES;
				CLANG_WARN_OBJC_IMPLICIT_RETAIN_SELF = YES;
				CLANG_WARN_OBJC_LITERAL_CONVERSION = YES;
				CLANG_WARN_OBJC_ROOT_CLASS = YES_ERROR;
				CLANG_WARN_QUOTED_INCLUDE_IN_FRAMEWORK_HEADER = YES;
				CLANG_WARN_RANGE_LOOP_ANALYSIS = YES;
				CLANG_WARN_STRICT_PROTOTYPES = YES;
				CLANG_WARN_SUSPICIOUS_MOVE = YES;
				CLANG_WARN_UNGUARDED_AVAILABILITY = YES_AGGRESSIVE;
				CLANG_WARN_UNREACHABLE_CODE = YES;
				CLANG_WARN__DUPLICATE_METHOD_MATCH = YES;
				COPY_PHASE_STRIP = NO;
				DEBUG_INFORMATION_FORMAT = "dwarf-with-dsym";
				ENABLE_NS_ASSERTIONS = NO;
				ENABLE_STRICT_OBJC_MSGSEND = YES;
				ENABLE_USER_SCRIPT_SANDBOXING = YES;
				GCC_C_LANGUAGE_STANDARD = gnu17;
				GCC_NO_COMMON_BLOCKS = YES;
				GCC_WARN_64_TO_32_BIT_CONVERSION = YES;
				GCC_WARN_ABOUT_RETURN_TYPE = YES_ERROR;
				GCC_WARN_UNDECLARED_SELECTOR = YES;
				GCC_WARN_UNINITIALIZED_AUTOS = YES_AGGRESSIVE;
				GCC_WARN_UNUSED_FUNCTION = YES;
				GCC_WARN_UNUSED_VARIABLE = YES;
				IPHONEOS_DEPLOYMENT_TARGET = 17.0;
				LOCALIZATION_PREFERS_STRING_CATALOGS = YES;
				MTL_ENABLE_DEBUG_INFO = NO;
				MTL_FAST_MATH = YES;
				SDKROOT = iphoneos;
				SWIFT_COMPILATION_MODE = wholemodule;
				VALIDATE_PRODUCT = YES;
			};
			name = Release;
		};
		67146A722BB49E0A0074782B /* Debug */ = {
			isa = XCBuildConfiguration;
			buildSettings = {
				ASSETCATALOG_COMPILER_APPICON_NAME = AppIcon;
				ASSETCATALOG_COMPILER_GLOBAL_ACCENT_COLOR_NAME = AccentColor;
				CODE_SIGN_STYLE = Automatic;
				CURRENT_PROJECT_VERSION = 1;
				DEVELOPMENT_TEAM = AF3ZU97GYW;
				GENERATE_INFOPLIST_FILE = YES;
				INFOPLIST_FILE = ImageViewer/Info.plist;
				INFOPLIST_KEY_UIApplicationSupportsIndirectInputEvents = YES;
				INFOPLIST_KEY_UILaunchStoryboardName = LaunchScreen;
				INFOPLIST_KEY_UIMainStoryboardFile = "";
				INFOPLIST_KEY_UISupportedInterfaceOrientations_iPad = "UIInterfaceOrientationPortrait UIInterfaceOrientationPortraitUpsideDown UIInterfaceOrientationLandscapeLeft UIInterfaceOrientationLandscapeRight";
				INFOPLIST_KEY_UISupportedInterfaceOrientations_iPhone = "UIInterfaceOrientationPortrait UIInterfaceOrientationLandscapeLeft UIInterfaceOrientationLandscapeRight";
				LD_RUNPATH_SEARCH_PATHS = (
					"$(inherited)",
					"@executable_path/Frameworks",
				);
				MARKETING_VERSION = 1.0;
				PRODUCT_BUNDLE_IDENTIFIER = dev.esvxense.ImageViewer;
				PRODUCT_NAME = "$(TARGET_NAME)";
				SWIFT_EMIT_LOC_STRINGS = YES;
				SWIFT_VERSION = 5.0;
				TARGETED_DEVICE_FAMILY = "1,2";
			};
			name = Debug;
		};
		67146A732BB49E0A0074782B /* Release */ = {
			isa = XCBuildConfiguration;
			buildSettings = {
				ASSETCATALOG_COMPILER_APPICON_NAME = AppIcon;
				ASSETCATALOG_COMPILER_GLOBAL_ACCENT_COLOR_NAME = AccentColor;
				CODE_SIGN_STYLE = Automatic;
				CURRENT_PROJECT_VERSION = 1;
				DEVELOPMENT_TEAM = AF3ZU97GYW;
				GENERATE_INFOPLIST_FILE = YES;
				INFOPLIST_FILE = ImageViewer/Info.plist;
				INFOPLIST_KEY_UIApplicationSupportsIndirectInputEvents = YES;
				INFOPLIST_KEY_UILaunchStoryboardName = LaunchScreen;
				INFOPLIST_KEY_UIMainStoryboardFile = "";
				INFOPLIST_KEY_UISupportedInterfaceOrientations_iPad = "UIInterfaceOrientationPortrait UIInterfaceOrientationPortraitUpsideDown UIInterfaceOrientationLandscapeLeft UIInterfaceOrientationLandscapeRight";
				INFOPLIST_KEY_UISupportedInterfaceOrientations_iPhone = "UIInterfaceOrientationPortrait UIInterfaceOrientationLandscapeLeft UIInterfaceOrientationLandscapeRight";
				LD_RUNPATH_SEARCH_PATHS = (
					"$(inherited)",
					"@executable_path/Frameworks",
				);
				MARKETING_VERSION = 1.0;
				PRODUCT_BUNDLE_IDENTIFIER = dev.esvxense.ImageViewer;
				PRODUCT_NAME = "$(TARGET_NAME)";
				SWIFT_EMIT_LOC_STRINGS = YES;
				SWIFT_VERSION = 5.0;
				TARGETED_DEVICE_FAMILY = "1,2";
			};
			name = Release;
		};
/* End XCBuildConfiguration section */

/* Begin XCConfigurationList section */
		67146A582BB49E090074782B /* Build configuration list for PBXProject "ImageViewer" */ = {
			isa = XCConfigurationList;
			buildConfigurations = (
				67146A6F2BB49E0A0074782B /* Debug */,
				67146A702BB49E0A0074782B /* Release */,
			);
			defaultConfigurationIsVisible = 0;
			defaultConfigurationName = Release;
		};
		67146A712BB49E0A0074782B /* Build configuration list for PBXNativeTarget "ImageViewer" */ = {
			isa = XCConfigurationList;
			buildConfigurations = (
				67146A722BB49E0A0074782B /* Debug */,
				67146A732BB49E0A0074782B /* Release */,
			);
			defaultConfigurationIsVisible = 0;
			defaultConfigurationName = Release;
		};
/* End XCConfigurationList section */
	};
	rootObject = 67146A552BB49E090074782B /* Project object */;
}
